
Microsoft Visual Studio Solution File, Format Version 12.00
# Visual Studio 15
VisualStudioVersion = 15.0.26228.9
MinimumVisualStudioVersion = 10.0.40219.1
Project("{2150E333-8FDC-42A3-9474-1A3956D46DE8}") = "src", "src", "{5B3BC8C9-D69B-4F45-A988-17DA87BE7CE2}"
EndProject
Project("{2150E333-8FDC-42A3-9474-1A3956D46DE8}") = "Solution Items", "Solution Items", "{6C143210-7D0F-491D-837F-B4904781551B}"
	ProjectSection(SolutionItems) = preProject
		global.json = global.json
	EndProjectSection
EndProject
Project("{9A19103F-16F7-4668-BE54-9A1E7A4F7556}") = "DRS_AppUI", "DRS_AppUI\DRS_AppUI.csproj", "{B8BBF22B-9451-4582-948E-F321F7BD88A3}"
EndProject
Global
	GlobalSection(SolutionConfigurationPlatforms) = preSolution
		Debug|Any CPU = Debug|Any CPU
		Release|Any CPU = Release|Any CPU
	EndGlobalSection
	GlobalSection(ProjectConfigurationPlatforms) = postSolution
		{B8BBF22B-9451-4582-948E-F321F7BD88A3}.Debug|Any CPU.ActiveCfg = Debug|Any CPU
		{B8BBF22B-9451-4582-948E-F321F7BD88A3}.Debug|Any CPU.Build.0 = Debug|Any CPU
		{B8BBF22B-9451-4582-948E-F321F7BD88A3}.Release|Any CPU.ActiveCfg = Release|Any CPU
		{B8BBF22B-9451-4582-948E-F321F7BD88A3}.Release|Any CPU.Build.0 = Release|Any CPU
	EndGlobalSection
	GlobalSection(SolutionProperties) = preSolution
		HideSolutionNode = FALSE
	EndGlobalSection
	GlobalSection(NestedProjects) = preSolution
		{B8BBF22B-9451-4582-948E-F321F7BD88A3} = {5B3BC8C9-D69B-4F45-A988-17DA87BE7CE2}
	EndGlobalSection
EndGlobal
